
Microsoft Visual Studio Solution File, Format Version 12.00
Project("{FAE04EC0-301F-11D3-BF4B-00C04F79EFBC}") = "ByJGService", "ByJGService\ByJGService.csproj", "{2CB564FC-EA8D-46A9-9B36-6B1302A0896B}"
EndProject
Project("{FAE04EC0-301F-11D3-BF4B-00C04F79EFBC}") = "Example", "Example\Example.csproj", "{8B92A8CD-0657-4251-9E2D-A964CDE29D2C}"
EndProject
Global
	GlobalSection(SolutionConfigurationPlatforms) = preSolution
		Debug|Any CPU = Debug|Any CPU
		Release|Any CPU = Release|Any CPU
	EndGlobalSection
	GlobalSection(ProjectConfigurationPlatforms) = postSolution
		{2CB564FC-EA8D-46A9-9B36-6B1302A0896B}.Debug|Any CPU.ActiveCfg = Debug|Any CPU
		{2CB564FC-EA8D-46A9-9B36-6B1302A0896B}.Debug|Any CPU.Build.0 = Debug|Any CPU
		{2CB564FC-EA8D-46A9-9B36-6B1302A0896B}.Release|Any CPU.ActiveCfg = Release|Any CPU
		{2CB564FC-EA8D-46A9-9B36-6B1302A0896B}.Release|Any CPU.Build.0 = Release|Any CPU
		{8B92A8CD-0657-4251-9E2D-A964CDE29D2C}.Debug|Any CPU.ActiveCfg = Debug|Any CPU
		{8B92A8CD-0657-4251-9E2D-A964CDE29D2C}.Debug|Any CPU.Build.0 = Debug|Any CPU
		{8B92A8CD-0657-4251-9E2D-A964CDE29D2C}.Release|Any CPU.ActiveCfg = Release|Any CPU
		{8B92A8CD-0657-4251-9E2D-A964CDE29D2C}.Release|Any CPU.Build.0 = Release|Any CPU
	EndGlobalSection
EndGlobal
